// !$*UTF8*$!
{
	archiveVersion = 1;
	classes = {
	};
	objectVersion = 56;
	objects = {

/* Begin PBXBuildFile section */
		3845F2742AC21821000DB3BA /* EmojiArt.swift in Sources */ = {isa = PBXBuildFile; fileRef = 3845F2732AC21821000DB3BA /* EmojiArt.swift */; };
		38691DD42AAF5ABF00910528 /* TextFieldCollectionViewCell.swift in Sources */ = {isa = PBXBuildFile; fileRef = 38691DD32AAF5ABF00910528 /* TextFieldCollectionViewCell.swift */; };
		386C7EEA2AA4B118009F37B0 /* EmojiArtView.swift in Sources */ = {isa = PBXBuildFile; fileRef = 386C7EE92AA4B118009F37B0 /* EmojiArtView.swift */; };
		386C7EEC2AA4B740009F37B0 /* Utilities.swift in Sources */ = {isa = PBXBuildFile; fileRef = 386C7EEB2AA4B740009F37B0 /* Utilities.swift */; };
		386C7EEE2AA52417009F37B0 /* EmojiArtDocumentTableViewController.swift in Sources */ = {isa = PBXBuildFile; fileRef = 386C7EED2AA52417009F37B0 /* EmojiArtDocumentTableViewController.swift */; };
		388294EB2AAB5FE100510AB6 /* EmojiArtView+Extension(Gestures).swift in Sources */ = {isa = PBXBuildFile; fileRef = 388294EA2AAB5FE100510AB6 /* EmojiArtView+Extension(Gestures).swift */; };
		38B933E62AA8BA7D004AFBB0 /* EmojiCollectionViewCell.swift in Sources */ = {isa = PBXBuildFile; fileRef = 38B933E52AA8BA7D004AFBB0 /* EmojiCollectionViewCell.swift */; };
		38DFFF1A2AA13D3F0098BE50 /* AppDelegate.swift in Sources */ = {isa = PBXBuildFile; fileRef = 38DFFF192AA13D3F0098BE50 /* AppDelegate.swift */; };
		38DFFF1C2AA13D3F0098BE50 /* SceneDelegate.swift in Sources */ = {isa = PBXBuildFile; fileRef = 38DFFF1B2AA13D3F0098BE50 /* SceneDelegate.swift */; };
		38DFFF212AA13D3F0098BE50 /* Main.storyboard in Resources */ = {isa = PBXBuildFile; fileRef = 38DFFF1F2AA13D3F0098BE50 /* Main.storyboard */; };
		38DFFF232AA13D400098BE50 /* Assets.xcassets in Resources */ = {isa = PBXBuildFile; fileRef = 38DFFF222AA13D400098BE50 /* Assets.xcassets */; };
		38DFFF262AA13D400098BE50 /* LaunchScreen.storyboard in Resources */ = {isa = PBXBuildFile; fileRef = 38DFFF242AA13D400098BE50 /* LaunchScreen.storyboard */; };
		38DFFF312AA13E130098BE50 /* EmojiArtViewController.swift in Sources */ = {isa = PBXBuildFile; fileRef = 38DFFF302AA13E130098BE50 /* EmojiArtViewController.swift */; };
/* End PBXBuildFile section */

/* Begin PBXFileReference section */
		3845F2732AC21821000DB3BA /* EmojiArt.swift */ = {isa = PBXFileReference; lastKnownFileType = sourcecode.swift; path = EmojiArt.swift; sourceTree = "<group>"; };
		38691DD32AAF5ABF00910528 /* TextFieldCollectionViewCell.swift */ = {isa = PBXFileReference; lastKnownFileType = sourcecode.swift; path = TextFieldCollectionViewCell.swift; sourceTree = "<group>"; };
		386C7EE92AA4B118009F37B0 /* EmojiArtView.swift */ = {isa = PBXFileReference; lastKnownFileType = sourcecode.swift; path = EmojiArtView.swift; sourceTree = "<group>"; };
		386C7EEB2AA4B740009F37B0 /* Utilities.swift */ = {isa = PBXFileReference; lastKnownFileType = sourcecode.swift; path = Utilities.swift; sourceTree = "<group>"; };
		386C7EED2AA52417009F37B0 /* EmojiArtDocumentTableViewController.swift */ = {isa = PBXFileReference; lastKnownFileType = sourcecode.swift; path = EmojiArtDocumentTableViewController.swift; sourceTree = "<group>"; };
		388294EA2AAB5FE100510AB6 /* EmojiArtView+Extension(Gestures).swift */ = {isa = PBXFileReference; lastKnownFileType = sourcecode.swift; path = "EmojiArtView+Extension(Gestures).swift"; sourceTree = "<group>"; };
		38B933E52AA8BA7D004AFBB0 /* EmojiCollectionViewCell.swift */ = {isa = PBXFileReference; lastKnownFileType = sourcecode.swift; path = EmojiCollectionViewCell.swift; sourceTree = "<group>"; };
		38DFFF162AA13D3F0098BE50 /* EmojiArt.app */ = {isa = PBXFileReference; explicitFileType = wrapper.application; includeInIndex = 0; path = EmojiArt.app; sourceTree = BUILT_PRODUCTS_DIR; };
		38DFFF192AA13D3F0098BE50 /* AppDelegate.swift */ = {isa = PBXFileReference; lastKnownFileType = sourcecode.swift; path = AppDelegate.swift; sourceTree = "<group>"; };
		38DFFF1B2AA13D3F0098BE50 /* SceneDelegate.swift */ = {isa = PBXFileReference; lastKnownFileType = sourcecode.swift; path = SceneDelegate.swift; sourceTree = "<group>"; };
		38DFFF202AA13D3F0098BE50 /* Base */ = {isa = PBXFileReference; lastKnownFileType = file.storyboard; name = Base; path = Base.lproj/Main.storyboard; sourceTree = "<group>"; };
		38DFFF222AA13D400098BE50 /* Assets.xcassets */ = {isa = PBXFileReference; lastKnownFileType = folder.assetcatalog; path = Assets.xcassets; sourceTree = "<group>"; };
		38DFFF252AA13D400098BE50 /* Base */ = {isa = PBXFileReference; lastKnownFileType = file.storyboard; name = Base; path = Base.lproj/LaunchScreen.storyboard; sourceTree = "<group>"; };
		38DFFF272AA13D400098BE50 /* Info.plist */ = {isa = PBXFileReference; lastKnownFileType = text.plist.xml; path = Info.plist; sourceTree = "<group>"; };
		38DFFF302AA13E130098BE50 /* EmojiArtViewController.swift */ = {isa = PBXFileReference; lastKnownFileType = sourcecode.swift; path = EmojiArtViewController.swift; sourceTree = "<group>"; };
/* End PBXFileReference section */

/* Begin PBXFrameworksBuildPhase section */
		38DFFF132AA13D3F0098BE50 /* Frameworks */ = {
			isa = PBXFrameworksBuildPhase;
			buildActionMask = 2147483647;
			files = (
			);
			runOnlyForDeploymentPostprocessing = 0;
		};
/* End PBXFrameworksBuildPhase section */

/* Begin PBXGroup section */
		38DFFF0D2AA13D3F0098BE50 = {
			isa = PBXGroup;
			children = (
				38DFFF182AA13D3F0098BE50 /* EmojiArt */,
				38DFFF172AA13D3F0098BE50 /* Products */,
			);
			sourceTree = "<group>";
		};
		38DFFF172AA13D3F0098BE50 /* Products */ = {
			isa = PBXGroup;
			children = (
				38DFFF162AA13D3F0098BE50 /* EmojiArt.app */,
			);
			name = Products;
			sourceTree = "<group>";
		};
		38DFFF182AA13D3F0098BE50 /* EmojiArt */ = {
			isa = PBXGroup;
			children = (
				38DFFF2D2AA13D520098BE50 /* Supporting Files */,
				38DFFF1F2AA13D3F0098BE50 /* Main.storyboard */,
				386C7EED2AA52417009F37B0 /* EmojiArtDocumentTableViewController.swift */,
				386C7EE92AA4B118009F37B0 /* EmojiArtView.swift */,
				388294EA2AAB5FE100510AB6 /* EmojiArtView+Extension(Gestures).swift */,
				38DFFF302AA13E130098BE50 /* EmojiArtViewController.swift */,
				3845F2732AC21821000DB3BA /* EmojiArt.swift */,
				38691DD32AAF5ABF00910528 /* TextFieldCollectionViewCell.swift */,
				38B933E52AA8BA7D004AFBB0 /* EmojiCollectionViewCell.swift */,
				386C7EEB2AA4B740009F37B0 /* Utilities.swift */,
				38DFFF222AA13D400098BE50 /* Assets.xcassets */,
				38DFFF272AA13D400098BE50 /* Info.plist */,
			);
			path = EmojiArt;
			sourceTree = "<group>";
		};
		38DFFF2D2AA13D520098BE50 /* Supporting Files */ = {
			isa = PBXGroup;
			children = (
				38DFFF192AA13D3F0098BE50 /* AppDelegate.swift */,
				38DFFF1B2AA13D3F0098BE50 /* SceneDelegate.swift */,
				38DFFF242AA13D400098BE50 /* LaunchScreen.storyboard */,
			);
			path = "Supporting Files";
			sourceTree = "<group>";
		};
/* End PBXGroup section */

/* Begin PBXNativeTarget section */
		38DFFF152AA13D3F0098BE50 /* EmojiArt */ = {
			isa = PBXNativeTarget;
			buildConfigurationList = 38DFFF2A2AA13D400098BE50 /* Build configuration list for PBXNativeTarget "EmojiArt" */;
			buildPhases = (
				38DFFF122AA13D3F0098BE50 /* Sources */,
				38DFFF132AA13D3F0098BE50 /* Frameworks */,
				38DFFF142AA13D3F0098BE50 /* Resources */,
			);
			buildRules = (
			);
			dependencies = (
			);
			name = EmojiArt;
			productName = EmojiArt;
			productReference = 38DFFF162AA13D3F0098BE50 /* EmojiArt.app */;
			productType = "com.apple.product-type.application";
		};
/* End PBXNativeTarget section */

/* Begin PBXProject section */
		38DFFF0E2AA13D3F0098BE50 /* Project object */ = {
			isa = PBXProject;
			attributes = {
				BuildIndependentTargetsInParallel = 1;
				LastSwiftUpdateCheck = 1430;
				LastUpgradeCheck = 1430;
				TargetAttributes = {
					38DFFF152AA13D3F0098BE50 = {
						CreatedOnToolsVersion = 14.3.1;
					};
				};
			};
			buildConfigurationList = 38DFFF112AA13D3F0098BE50 /* Build configuration list for PBXProject "EmojiArt" */;
			compatibilityVersion = "Xcode 14.0";
			developmentRegion = en;
			hasScannedForEncodings = 0;
			knownRegions = (
				en,
				Base,
			);
			mainGroup = 38DFFF0D2AA13D3F0098BE50;
			productRefGroup = 38DFFF172AA13D3F0098BE50 /* Products */;
			projectDirPath = "";
			projectRoot = "";
			targets = (
				38DFFF152AA13D3F0098BE50 /* EmojiArt */,
			);
		};
/* End PBXProject section */

/* Begin PBXResourcesBuildPhase section */
		38DFFF142AA13D3F0098BE50 /* Resources */ = {
			isa = PBXResourcesBuildPhase;
			buildActionMask = 2147483647;
			files = (
				38DFFF262AA13D400098BE50 /* LaunchScreen.storyboard in Resources */,
				38DFFF232AA13D400098BE50 /* Assets.xcassets in Resources */,
				38DFFF212AA13D3F0098BE50 /* Main.storyboard in Resources */,
			);
			runOnlyForDeploymentPostprocessing = 0;
		};
/* End PBXResourcesBuildPhase section */

/* Begin PBXSourcesBuildPhase section */
		38DFFF122AA13D3F0098BE50 /* Sources */ = {
			isa = PBXSourcesBuildPhase;
			buildActionMask = 2147483647;
			files = (
				38691DD42AAF5ABF00910528 /* TextFieldCollectionViewCell.swift in Sources */,
				38B933E62AA8BA7D004AFBB0 /* EmojiCollectionViewCell.swift in Sources */,
				3845F2742AC21821000DB3BA /* EmojiArt.swift in Sources */,
				38DFFF1A2AA13D3F0098BE50 /* AppDelegate.swift in Sources */,
				388294EB2AAB5FE100510AB6 /* EmojiArtView+Extension(Gestures).swift in Sources */,
				386C7EEE2AA52417009F37B0 /* EmojiArtDocumentTableViewController.swift in Sources */,
				38DFFF312AA13E130098BE50 /* EmojiArtViewController.swift in Sources */,
				38DFFF1C2AA13D3F0098BE50 /* SceneDelegate.swift in Sources */,
				386C7EEC2AA4B740009F37B0 /* Utilities.swift in Sources */,
				386C7EEA2AA4B118009F37B0 /* EmojiArtView.swift in Sources */,
			);
			runOnlyForDeploymentPostprocessing = 0;
		};
/* End PBXSourcesBuildPhase section */

/* Begin PBXVariantGroup section */
		38DFFF1F2AA13D3F0098BE50 /* Main.storyboard */ = {
			isa = PBXVariantGroup;
			children = (
				38DFFF202AA13D3F0098BE50 /* Base */,
			);
			name = Main.storyboard;
			sourceTree = "<group>";
		};
		38DFFF242AA13D400098BE50 /* LaunchScreen.storyboard */ = {
			isa = PBXVariantGroup;
			children = (
				38DFFF252AA13D400098BE50 /* Base */,
			);
			name = LaunchScreen.storyboard;
			sourceTree = "<group>";
		};
/* End PBXVariantGroup section */

/* Begin XCBuildConfiguration section */
		38DFFF282AA13D400098BE50 /* Debug */ = {
			isa = XCBuildConfiguration;
			buildSettings = {
				ALWAYS_SEARCH_USER_PATHS = NO;
				CLANG_ANALYZER_NONNULL = YES;
				CLANG_ANALYZER_NUMBER_OBJECT_CONVERSION = YES_AGGRESSIVE;
				CLANG_CXX_LANGUAGE_STANDARD = "gnu++20";
				CLANG_ENABLE_MODULES = YES;
				CLANG_ENABLE_OBJC_ARC = YES;
				CLANG_ENABLE_OBJC_WEAK = YES;
				CLANG_WARN_BLOCK_CAPTURE_AUTORELEASING = YES;
				CLANG_WARN_BOOL_CONVERSION = YES;
				CLANG_WARN_COMMA = YES;
				CLANG_WARN_CONSTANT_CONVERSION = YES;
				CLANG_WARN_DEPRECATED_OBJC_IMPLEMENTATIONS = YES;
				CLANG_WARN_DIRECT_OBJC_ISA_USAGE = YES_ERROR;
				CLANG_WARN_DOCUMENTATION_COMMENTS = YES;
				CLANG_WARN_EMPTY_BODY = YES;
				CLANG_WARN_ENUM_CONVERSION = YES;
				CLANG_WARN_INFINITE_RECURSION = YES;
				CLANG_WARN_INT_CONVERSION = YES;
				CLANG_WARN_NON_LITERAL_NULL_CONVERSION = YES;
				CLANG_WARN_OBJC_IMPLICIT_RETAIN_SELF = YES;
				CLANG_WARN_OBJC_LITERAL_CONVERSION = YES;
				CLANG_WARN_OBJC_ROOT_CLASS = YES_ERROR;
				CLANG_WARN_QUOTED_INCLUDE_IN_FRAMEWORK_HEADER = YES;
				CLANG_WARN_RANGE_LOOP_ANALYSIS = YES;
				CLANG_WARN_STRICT_PROTOTYPES = YES;
				CLANG_WARN_SUSPICIOUS_MOVE = YES;
				CLANG_WARN_UNGUARDED_AVAILABILITY = YES_AGGRESSIVE;
				CLANG_WARN_UNREACHABLE_CODE = YES;
				CLANG_WARN__DUPLICATE_METHOD_MATCH = YES;
				COPY_PHASE_STRIP = NO;
				DEBUG_INFORMATION_FORMAT = dwarf;
				ENABLE_STRICT_OBJC_MSGSEND = YES;
				ENABLE_TESTABILITY = YES;
				GCC_C_LANGUAGE_STANDARD = gnu11;
				GCC_DYNAMIC_NO_PIC = NO;
				GCC_NO_COMMON_BLOCKS = YES;
				GCC_OPTIMIZATION_LEVEL = 0;
				GCC_PREPROCESSOR_DEFINITIONS = (
					"DEBUG=1",
					"$(inherited)",
				);
				GCC_WARN_64_TO_32_BIT_CONVERSION = YES;
				GCC_WARN_ABOUT_RETURN_TYPE = YES_ERROR;
				GCC_WARN_UNDECLARED_SELECTOR = YES;
				GCC_WARN_UNINITIALIZED_AUTOS = YES_AGGRESSIVE;
				GCC_WARN_UNUSED_FUNCTION = YES;
				GCC_WARN_UNUSED_VARIABLE = YES;
				IPHONEOS_DEPLOYMENT_TARGET = 16.4;
				MTL_ENABLE_DEBUG_INFO = INCLUDE_SOURCE;
				MTL_FAST_MATH = YES;
				ONLY_ACTIVE_ARCH = YES;
				SDKROOT = iphoneos;
				SWIFT_ACTIVE_COMPILATION_CONDITIONS = DEBUG;
				SWIFT_OPTIMIZATION_LEVEL = "-Onone";
			};
			name = Debug;
		};
		38DFFF292AA13D400098BE50 /* Release */ = {
			isa = XCBuildConfiguration;
			buildSettings = {
				ALWAYS_SEARCH_USER_PATHS = NO;
				CLANG_ANALYZER_NONNULL = YES;
				CLANG_ANALYZER_NUMBER_OBJECT_CONVERSION = YES_AGGRESSIVE;
				CLANG_CXX_LANGUAGE_STANDARD = "gnu++20";
				CLANG_ENABLE_MODULES = YES;
				CLANG_ENABLE_OBJC_ARC = YES;
				CLANG_ENABLE_OBJC_WEAK = YES;
				CLANG_WARN_BLOCK_CAPTURE_AUTORELEASING = YES;
				CLANG_WARN_BOOL_CONVERSION = YES;
				CLANG_WARN_COMMA = YES;
				CLANG_WARN_CONSTANT_CONVERSION = YES;
				CLANG_WARN_DEPRECATED_OBJC_IMPLEMENTATIONS = YES;
				CLANG_WARN_DIRECT_OBJC_ISA_USAGE = YES_ERROR;
				CLANG_WARN_DOCUMENTATION_COMMENTS = YES;
				CLANG_WARN_EMPTY_BODY = YES;
				CLANG_WARN_ENUM_CONVERSION = YES;
				CLANG_WARN_INFINITE_RECURSION = YES;
				CLANG_WARN_INT_CONVERSION = YES;
				CLANG_WARN_NON_LITERAL_NULL_CONVERSION = YES;
				CLANG_WARN_OBJC_IMPLICIT_RETAIN_SELF = YES;
				CLANG_WARN_OBJC_LITERAL_CONVERSION = YES;
				CLANG_WARN_OBJC_ROOT_CLASS = YES_ERROR;
				CLANG_WARN_QUOTED_INCLUDE_IN_FRAMEWORK_HEADER = YES;
				CLANG_WARN_RANGE_LOOP_ANALYSIS = YES;
				CLANG_WARN_STRICT_PROTOTYPES = YES;
				CLANG_WARN_SUSPICIOUS_MOVE = YES;
				CLANG_WARN_UNGUARDED_AVAILABILITY = YES_AGGRESSIVE;
				CLANG_WARN_UNREACHABLE_CODE = YES;
				CLANG_WARN__DUPLICATE_METHOD_MATCH = YES;
				COPY_PHASE_STRIP = NO;
				DEBUG_INFORMATION_FORMAT = "dwarf-with-dsym";
				ENABLE_NS_ASSERTIONS = NO;
				ENABLE_STRICT_OBJC_MSGSEND = YES;
				GCC_C_LANGUAGE_STANDARD = gnu11;
				GCC_NO_COMMON_BLOCKS = YES;
				GCC_WARN_64_TO_32_BIT_CONVERSION = YES;
				GCC_WARN_ABOUT_RETURN_TYPE = YES_ERROR;
				GCC_WARN_UNDECLARED_SELECTOR = YES;
				GCC_WARN_UNINITIALIZED_AUTOS = YES_AGGRESSIVE;
				GCC_WARN_UNUSED_FUNCTION = YES;
				GCC_WARN_UNUSED_VARIABLE = YES;
				IPHONEOS_DEPLOYMENT_TARGET = 16.4;
				MTL_ENABLE_DEBUG_INFO = NO;
				MTL_FAST_MATH = YES;
				SDKROOT = iphoneos;
				SWIFT_COMPILATION_MODE = wholemodule;
				SWIFT_OPTIMIZATION_LEVEL = "-O";
				VALIDATE_PRODUCT = YES;
			};
			name = Release;
		};
		38DFFF2B2AA13D400098BE50 /* Debug */ = {
			isa = XCBuildConfiguration;
			buildSettings = {
				ASSETCATALOG_COMPILER_APPICON_NAME = AppIcon;
				ASSETCATALOG_COMPILER_GLOBAL_ACCENT_COLOR_NAME = AccentColor;
				CODE_SIGN_STYLE = Automatic;
				CURRENT_PROJECT_VERSION = 1;
				GENERATE_INFOPLIST_FILE = YES;
				INFOPLIST_FILE = EmojiArt/Info.plist;
				INFOPLIST_KEY_UIApplicationSupportsIndirectInputEvents = YES;
				INFOPLIST_KEY_UILaunchStoryboardName = LaunchScreen;
				INFOPLIST_KEY_UIMainStoryboardFile = Main;
				INFOPLIST_KEY_UISupportedInterfaceOrientations_iPad = "UIInterfaceOrientationPortrait UIInterfaceOrientationPortraitUpsideDown UIInterfaceOrientationLandscapeLeft UIInterfaceOrientationLandscapeRight";
				INFOPLIST_KEY_UISupportedInterfaceOrientations_iPhone = "UIInterfaceOrientationPortrait UIInterfaceOrientationLandscapeLeft UIInterfaceOrientationLandscapeRight";
				LD_RUNPATH_SEARCH_PATHS = (
					"$(inherited)",
					"@executable_path/Frameworks",
				);
				MARKETING_VERSION = 1.0;
				PRODUCT_BUNDLE_IDENTIFIER = Vosik.EmojiArt;
				PRODUCT_NAME = "$(TARGET_NAME)";
				SWIFT_EMIT_LOC_STRINGS = YES;
				SWIFT_VERSION = 5.0;
				TARGETED_DEVICE_FAMILY = "1,2";
			};
			name = Debug;
		};
		38DFFF2C2AA13D400098BE50 /* Release */ = {
			isa = XCBuildConfiguration;
			buildSettings = {
				ASSETCATALOG_COMPILER_APPICON_NAME = AppIcon;
				ASSETCATALOG_COMPILER_GLOBAL_ACCENT_COLOR_NAME = AccentColor;
				CODE_SIGN_STYLE = Automatic;
				CURRENT_PROJECT_VERSION = 1;
				GENERATE_INFOPLIST_FILE = YES;
				INFOPLIST_FILE = EmojiArt/Info.plist;
				INFOPLIST_KEY_UIApplicationSupportsIndirectInputEvents = YES;
				INFOPLIST_KEY_UILaunchStoryboardName = LaunchScreen;
				INFOPLIST_KEY_UIMainStoryboardFile = Main;
				INFOPLIST_KEY_UISupportedInterfaceOrientations_iPad = "UIInterfaceOrientationPortrait UIInterfaceOrientationPortraitUpsideDown UIInterfaceOrientationLandscapeLeft UIInterfaceOrientationLandscapeRight";
				INFOPLIST_KEY_UISupportedInterfaceOrientations_iPhone = "UIInterfaceOrientationPortrait UIInterfaceOrientationLandscapeLeft UIInterfaceOrientationLandscapeRight";
				LD_RUNPATH_SEARCH_PATHS = (
					"$(inherited)",
					"@executable_path/Frameworks",
				);
				MARKETING_VERSION = 1.0;
				PRODUCT_BUNDLE_IDENTIFIER = Vosik.EmojiArt;
				PRODUCT_NAME = "$(TARGET_NAME)";
				SWIFT_EMIT_LOC_STRINGS = YES;
				SWIFT_VERSION = 5.0;
				TARGETED_DEVICE_FAMILY = "1,2";
			};
			name = Release;
		};
/* End XCBuildConfiguration section */

/* Begin XCConfigurationList section */
		38DFFF112AA13D3F0098BE50 /* Build configuration list for PBXProject "EmojiArt" */ = {
			isa = XCConfigurationList;
			buildConfigurations = (
				38DFFF282AA13D400098BE50 /* Debug */,
				38DFFF292AA13D400098BE50 /* Release */,
			);
			defaultConfigurationIsVisible = 0;
			defaultConfigurationName = Release;
		};
		38DFFF2A2AA13D400098BE50 /* Build configuration list for PBXNativeTarget "EmojiArt" */ = {
			isa = XCConfigurationList;
			buildConfigurations = (
				38DFFF2B2AA13D400098BE50 /* Debug */,
				38DFFF2C2AA13D400098BE50 /* Release */,
			);
			defaultConfigurationIsVisible = 0;
			defaultConfigurationName = Release;
		};
/* End XCConfigurationList section */
	};
	rootObject = 38DFFF0E2AA13D3F0098BE50 /* Project object */;
}
